
Microsoft Visual Studio Solution File, Format Version 12.00
# Visual Studio Version 17
VisualStudioVersion = 17.5.002.0
MinimumVisualStudioVersion = 10.0.40219.1
Project("{9A19103F-16F7-4668-BE54-9A1E7A4F7556}") = "IComarable_Interface", "IComarable_Interface.csproj", "{8BF1E178-D236-4FF2-9277-36293223A61D}"
EndProject
Global
	GlobalSection(SolutionConfigurationPlatforms) = preSolution
		Debug|Any CPU = Debug|Any CPU
		Release|Any CPU = Release|Any CPU
	EndGlobalSection
	GlobalSection(ProjectConfigurationPlatforms) = postSolution
		{8BF1E178-D236-4FF2-9277-36293223A61D}.Debug|Any CPU.ActiveCfg = Debug|Any CPU
		{8BF1E178-D236-4FF2-9277-36293223A61D}.Debug|Any CPU.Build.0 = Debug|Any CPU
		{8BF1E178-D236-4FF2-9277-36293223A61D}.Release|Any CPU.ActiveCfg = Release|Any CPU
		{8BF1E178-D236-4FF2-9277-36293223A61D}.Release|Any CPU.Build.0 = Release|Any CPU
	EndGlobalSection
	GlobalSection(SolutionProperties) = preSolution
		HideSolutionNode = FALSE
	EndGlobalSection
	GlobalSection(ExtensibilityGlobals) = postSolution
		SolutionGuid = {FBBD4105-EFD5-4C8E-8D88-66C489486FA2}
	EndGlobalSection
EndGlobal
