
Microsoft Visual Studio Solution File, Format Version 12.00
# Visual Studio Version 17
VisualStudioVersion = 17.5.002.0
MinimumVisualStudioVersion = 10.0.40219.1
Project("{9A19103F-16F7-4668-BE54-9A1E7A4F7556}") = "Task_Demo", "Task_Demo.csproj", "{E659FCD7-1615-4334-AC7B-D60DFA995A88}"
EndProject
Global
	GlobalSection(SolutionConfigurationPlatforms) = preSolution
		Debug|Any CPU = Debug|Any CPU
		Release|Any CPU = Release|Any CPU
	EndGlobalSection
	GlobalSection(ProjectConfigurationPlatforms) = postSolution
		{E659FCD7-1615-4334-AC7B-D60DFA995A88}.Debug|Any CPU.ActiveCfg = Debug|Any CPU
		{E659FCD7-1615-4334-AC7B-D60DFA995A88}.Debug|Any CPU.Build.0 = Debug|Any CPU
		{E659FCD7-1615-4334-AC7B-D60DFA995A88}.Release|Any CPU.ActiveCfg = Release|Any CPU
		{E659FCD7-1615-4334-AC7B-D60DFA995A88}.Release|Any CPU.Build.0 = Release|Any CPU
	EndGlobalSection
	GlobalSection(SolutionProperties) = preSolution
		HideSolutionNode = FALSE
	EndGlobalSection
	GlobalSection(ExtensibilityGlobals) = postSolution
		SolutionGuid = {5F860B7A-4CE2-49D1-8F78-C95FC79E1526}
	EndGlobalSection
EndGlobal
