
Microsoft Visual Studio Solution File, Format Version 12.00
# Visual Studio Version 17
VisualStudioVersion = 17.5.002.0
MinimumVisualStudioVersion = 10.0.40219.1
Project("{9A19103F-16F7-4668-BE54-9A1E7A4F7556}") = "Collection_demo", "Collection_demo.csproj", "{9AF6B8F5-1263-4884-B09A-3FB290DA9C39}"
EndProject
Global
	GlobalSection(SolutionConfigurationPlatforms) = preSolution
		Debug|Any CPU = Debug|Any CPU
		Release|Any CPU = Release|Any CPU
	EndGlobalSection
	GlobalSection(ProjectConfigurationPlatforms) = postSolution
		{9AF6B8F5-1263-4884-B09A-3FB290DA9C39}.Debug|Any CPU.ActiveCfg = Debug|Any CPU
		{9AF6B8F5-1263-4884-B09A-3FB290DA9C39}.Debug|Any CPU.Build.0 = Debug|Any CPU
		{9AF6B8F5-1263-4884-B09A-3FB290DA9C39}.Release|Any CPU.ActiveCfg = Release|Any CPU
		{9AF6B8F5-1263-4884-B09A-3FB290DA9C39}.Release|Any CPU.Build.0 = Release|Any CPU
	EndGlobalSection
	GlobalSection(SolutionProperties) = preSolution
		HideSolutionNode = FALSE
	EndGlobalSection
	GlobalSection(ExtensibilityGlobals) = postSolution
		SolutionGuid = {F414BA8F-3E0C-4D9D-AD3A-6BAF77E27F85}
	EndGlobalSection
EndGlobal
