
Microsoft Visual Studio Solution File, Format Version 12.00
# Visual Studio Version 17
VisualStudioVersion = 17.5.002.0
MinimumVisualStudioVersion = 10.0.40219.1
Project("{9A19103F-16F7-4668-BE54-9A1E7A4F7556}") = "Extension_Method_Use", "Extension_Method_Use.csproj", "{99C4F9F5-F9F1-4CCD-B7AD-3F50E7FB54C0}"
EndProject
Global
	GlobalSection(SolutionConfigurationPlatforms) = preSolution
		Debug|Any CPU = Debug|Any CPU
		Release|Any CPU = Release|Any CPU
	EndGlobalSection
	GlobalSection(ProjectConfigurationPlatforms) = postSolution
		{99C4F9F5-F9F1-4CCD-B7AD-3F50E7FB54C0}.Debug|Any CPU.ActiveCfg = Debug|Any CPU
		{99C4F9F5-F9F1-4CCD-B7AD-3F50E7FB54C0}.Debug|Any CPU.Build.0 = Debug|Any CPU
		{99C4F9F5-F9F1-4CCD-B7AD-3F50E7FB54C0}.Release|Any CPU.ActiveCfg = Release|Any CPU
		{99C4F9F5-F9F1-4CCD-B7AD-3F50E7FB54C0}.Release|Any CPU.Build.0 = Release|Any CPU
	EndGlobalSection
	GlobalSection(SolutionProperties) = preSolution
		HideSolutionNode = FALSE
	EndGlobalSection
	GlobalSection(ExtensibilityGlobals) = postSolution
		SolutionGuid = {CDD64243-E116-46D6-AF23-FE24BC8E4B86}
	EndGlobalSection
EndGlobal
