
Microsoft Visual Studio Solution File, Format Version 12.00
# Visual Studio Version 17
VisualStudioVersion = 17.5.002.0
MinimumVisualStudioVersion = 10.0.40219.1
Project("{9A19103F-16F7-4668-BE54-9A1E7A4F7556}") = "Exception_example", "Exception_example.csproj", "{0667E02F-B615-42EF-B30E-3DEC13AE9A57}"
EndProject
Global
	GlobalSection(SolutionConfigurationPlatforms) = preSolution
		Debug|Any CPU = Debug|Any CPU
		Release|Any CPU = Release|Any CPU
	EndGlobalSection
	GlobalSection(ProjectConfigurationPlatforms) = postSolution
		{0667E02F-B615-42EF-B30E-3DEC13AE9A57}.Debug|Any CPU.ActiveCfg = Debug|Any CPU
		{0667E02F-B615-42EF-B30E-3DEC13AE9A57}.Debug|Any CPU.Build.0 = Debug|Any CPU
		{0667E02F-B615-42EF-B30E-3DEC13AE9A57}.Release|Any CPU.ActiveCfg = Release|Any CPU
		{0667E02F-B615-42EF-B30E-3DEC13AE9A57}.Release|Any CPU.Build.0 = Release|Any CPU
	EndGlobalSection
	GlobalSection(SolutionProperties) = preSolution
		HideSolutionNode = FALSE
	EndGlobalSection
	GlobalSection(ExtensibilityGlobals) = postSolution
		SolutionGuid = {A9C2EF19-6F89-4D05-861B-5410C708794A}
	EndGlobalSection
EndGlobal
